
Microsoft Visual Studio Solution File, Format Version 12.00
# Visual Studio 2013
VisualStudioVersion = 12.0.30501.0
MinimumVisualStudioVersion = 10.0.40219.1
Project("{FAE04EC0-301F-11D3-BF4B-00C04F79EFBC}") = "SingledOut.Data", "SingledOut.Data\SingledOut.Data.csproj", "{ECFE2A09-A622-4932-BF16-A2F9AFFAAD8F}"
EndProject
Project("{FAE04EC0-301F-11D3-BF4B-00C04F79EFBC}") = "SingledOut.Repository", "SingledOut.Repository\SingledOut.Repository.csproj", "{E4DE2326-E99A-482A-B793-8261031C0792}"
EndProject
Project("{FAE04EC0-301F-11D3-BF4B-00C04F79EFBC}") = "SingledOut.WebApi", "SingledOut.WebApi\SingledOut.WebApi.csproj", "{8ECFDBE7-22C3-443E-9172-6C20F54297BD}"
EndProject
Project("{FAE04EC0-301F-11D3-BF4B-00C04F79EFBC}") = "SingledOut.Model", "SingledOut.Model\SingledOut.Model.csproj", "{0591B084-B08B-4530-B105-83CE83B81C27}"
EndProject
Project("{FAE04EC0-301F-11D3-BF4B-00C04F79EFBC}") = "SingledOut.Services", "SingledOut.Services\SingledOut.Services.csproj", "{FB3E1B55-32D1-4170-9993-7B8ADA89EE28}"
EndProject
Project("{FAE04EC0-301F-11D3-BF4B-00C04F79EFBC}") = "SingledOut.UnitTests", "SingledOut.UnitTests\SingledOut.UnitTests.csproj", "{AC83AE84-D5B8-4A15-B976-C37B63382FBE}"
EndProject
Global
	GlobalSection(SolutionConfigurationPlatforms) = preSolution
		Debug|Any CPU = Debug|Any CPU
		Release|Any CPU = Release|Any CPU
	EndGlobalSection
	GlobalSection(ProjectConfigurationPlatforms) = postSolution
		{ECFE2A09-A622-4932-BF16-A2F9AFFAAD8F}.Debug|Any CPU.ActiveCfg = Debug|Any CPU
		{ECFE2A09-A622-4932-BF16-A2F9AFFAAD8F}.Debug|Any CPU.Build.0 = Debug|Any CPU
		{ECFE2A09-A622-4932-BF16-A2F9AFFAAD8F}.Release|Any CPU.ActiveCfg = Release|Any CPU
		{ECFE2A09-A622-4932-BF16-A2F9AFFAAD8F}.Release|Any CPU.Build.0 = Release|Any CPU
		{E4DE2326-E99A-482A-B793-8261031C0792}.Debug|Any CPU.ActiveCfg = Debug|Any CPU
		{E4DE2326-E99A-482A-B793-8261031C0792}.Debug|Any CPU.Build.0 = Debug|Any CPU
		{E4DE2326-E99A-482A-B793-8261031C0792}.Release|Any CPU.ActiveCfg = Release|Any CPU
		{E4DE2326-E99A-482A-B793-8261031C0792}.Release|Any CPU.Build.0 = Release|Any CPU
		{8ECFDBE7-22C3-443E-9172-6C20F54297BD}.Debug|Any CPU.ActiveCfg = Debug|Any CPU
		{8ECFDBE7-22C3-443E-9172-6C20F54297BD}.Debug|Any CPU.Build.0 = Debug|Any CPU
		{8ECFDBE7-22C3-443E-9172-6C20F54297BD}.Release|Any CPU.ActiveCfg = Release|Any CPU
		{8ECFDBE7-22C3-443E-9172-6C20F54297BD}.Release|Any CPU.Build.0 = Release|Any CPU
		{0591B084-B08B-4530-B105-83CE83B81C27}.Debug|Any CPU.ActiveCfg = Debug|Any CPU
		{0591B084-B08B-4530-B105-83CE83B81C27}.Debug|Any CPU.Build.0 = Debug|Any CPU
		{0591B084-B08B-4530-B105-83CE83B81C27}.Release|Any CPU.ActiveCfg = Release|Any CPU
		{0591B084-B08B-4530-B105-83CE83B81C27}.Release|Any CPU.Build.0 = Release|Any CPU
		{FB3E1B55-32D1-4170-9993-7B8ADA89EE28}.Debug|Any CPU.ActiveCfg = Debug|Any CPU
		{FB3E1B55-32D1-4170-9993-7B8ADA89EE28}.Debug|Any CPU.Build.0 = Debug|Any CPU
		{FB3E1B55-32D1-4170-9993-7B8ADA89EE28}.Release|Any CPU.ActiveCfg = Release|Any CPU
		{FB3E1B55-32D1-4170-9993-7B8ADA89EE28}.Release|Any CPU.Build.0 = Release|Any CPU
		{AC83AE84-D5B8-4A15-B976-C37B63382FBE}.Debug|Any CPU.ActiveCfg = Debug|Any CPU
		{AC83AE84-D5B8-4A15-B976-C37B63382FBE}.Debug|Any CPU.Build.0 = Debug|Any CPU
		{AC83AE84-D5B8-4A15-B976-C37B63382FBE}.Release|Any CPU.ActiveCfg = Release|Any CPU
		{AC83AE84-D5B8-4A15-B976-C37B63382FBE}.Release|Any CPU.Build.0 = Release|Any CPU
	EndGlobalSection
	GlobalSection(SolutionProperties) = preSolution
		HideSolutionNode = FALSE
	EndGlobalSection
EndGlobal
